// !$*UTF8*$!
{
	archiveVersion = 1;
	classes = {
	};
	objectVersion = 51;
	objects = {

/* Begin PBXBuildFile section */
		6E982CED24CFB1BD0093605C /* DatabaseManager.swift in Sources */ = {isa = PBXBuildFile; fileRef = 6E982CEC24CFB1BD0093605C /* DatabaseManager.swift */; };
		6EAE8AB224F3657A009DB021 /* NewConversationCell.swift in Sources */ = {isa = PBXBuildFile; fileRef = 6EAE8AB124F3657A009DB021 /* NewConversationCell.swift */; };
		6EC36AA324CE6262007C27B8 /* AppDelegate.swift in Sources */ = {isa = PBXBuildFile; fileRef = 6EC36AA224CE6262007C27B8 /* AppDelegate.swift */; };
		6EC36AA524CE6262007C27B8 /* SceneDelegate.swift in Sources */ = {isa = PBXBuildFile; fileRef = 6EC36AA424CE6262007C27B8 /* SceneDelegate.swift */; };
		6EC36AA724CE6262007C27B8 /* ConversationsViewController.swift in Sources */ = {isa = PBXBuildFile; fileRef = 6EC36AA624CE6262007C27B8 /* ConversationsViewController.swift */; };
		6EC36AAA24CE6262007C27B8 /* Main.storyboard in Resources */ = {isa = PBXBuildFile; fileRef = 6EC36AA824CE6262007C27B8 /* Main.storyboard */; };
		6EC36AAC24CE6263007C27B8 /* Assets.xcassets in Resources */ = {isa = PBXBuildFile; fileRef = 6EC36AAB24CE6263007C27B8 /* Assets.xcassets */; };
		6EC36AAF24CE6263007C27B8 /* LaunchScreen.storyboard in Resources */ = {isa = PBXBuildFile; fileRef = 6EC36AAD24CE6263007C27B8 /* LaunchScreen.storyboard */; };
		6EC36ABD24CE68BA007C27B8 /* LoginViewController.swift in Sources */ = {isa = PBXBuildFile; fileRef = 6EC36ABC24CE68BA007C27B8 /* LoginViewController.swift */; };
		6EC36ABF24CE68CA007C27B8 /* RegisterViewController.swift in Sources */ = {isa = PBXBuildFile; fileRef = 6EC36ABE24CE68CA007C27B8 /* RegisterViewController.swift */; };
		6EC36AC124CE68F1007C27B8 /* PhotoViewerViewController.swift in Sources */ = {isa = PBXBuildFile; fileRef = 6EC36AC024CE68F1007C27B8 /* PhotoViewerViewController.swift */; };
		6EC36AC324CE6911007C27B8 /* VideoPlayerViewController.swift in Sources */ = {isa = PBXBuildFile; fileRef = 6EC36AC224CE6911007C27B8 /* VideoPlayerViewController.swift */; };
		6EC36AC524CE693B007C27B8 /* NewConversationViewController.swift in Sources */ = {isa = PBXBuildFile; fileRef = 6EC36AC424CE693B007C27B8 /* NewConversationViewController.swift */; };
		6EC36AC724CE6951007C27B8 /* ProfileViewController.swift in Sources */ = {isa = PBXBuildFile; fileRef = 6EC36AC624CE6951007C27B8 /* ProfileViewController.swift */; };
		6EC36ACA24CE789B007C27B8 /* Extensions.swift in Sources */ = {isa = PBXBuildFile; fileRef = 6EC36AC924CE789B007C27B8 /* Extensions.swift */; };
		6EC36AD024CEB87D007C27B8 /* GoogleService-Info.plist in Resources */ = {isa = PBXBuildFile; fileRef = 6EC36ACF24CEB87D007C27B8 /* GoogleService-Info.plist */; };
		6EC8C5A424D7F69500006A3E /* ConversationTableViewCell.swift in Sources */ = {isa = PBXBuildFile; fileRef = 6EC8C5A324D7F69500006A3E /* ConversationTableViewCell.swift */; };
		6ECF46EC24D1178300AAF4C8 /* ChatViewController.swift in Sources */ = {isa = PBXBuildFile; fileRef = 6ECF46EB24D1178300AAF4C8 /* ChatViewController.swift */; };
		6ECF46EE24D12FC400AAF4C8 /* StorageManager.swift in Sources */ = {isa = PBXBuildFile; fileRef = 6ECF46ED24D12FC400AAF4C8 /* StorageManager.swift */; };
		A5FDCB9898054BBF4885F69A /* Pods_Messenger.framework in Frameworks */ = {isa = PBXBuildFile; fileRef = 3A34C2A75975E6AC6D4DA856 /* Pods_Messenger.framework */; };
/* End PBXBuildFile section */

/* Begin PBXFileReference section */
		3A34C2A75975E6AC6D4DA856 /* Pods_Messenger.framework */ = {isa = PBXFileReference; explicitFileType = wrapper.framework; includeInIndex = 0; path = Pods_Messenger.framework; sourceTree = BUILT_PRODUCTS_DIR; };
		59025627B1291D7CAC7F9306 /* Pods-Messenger.release.xcconfig */ = {isa = PBXFileReference; includeInIndex = 1; lastKnownFileType = text.xcconfig; name = "Pods-Messenger.release.xcconfig"; path = "Target Support Files/Pods-Messenger/Pods-Messenger.release.xcconfig"; sourceTree = "<group>"; };
		6E982CEC24CFB1BD0093605C /* DatabaseManager.swift */ = {isa = PBXFileReference; lastKnownFileType = sourcecode.swift; path = DatabaseManager.swift; sourceTree = "<group>"; };
		6EAE8AB124F3657A009DB021 /* NewConversationCell.swift */ = {isa = PBXFileReference; lastKnownFileType = sourcecode.swift; path = NewConversationCell.swift; sourceTree = "<group>"; };
		6EC36A9F24CE6262007C27B8 /* Messenger.app */ = {isa = PBXFileReference; explicitFileType = wrapper.application; includeInIndex = 0; path = Messenger.app; sourceTree = BUILT_PRODUCTS_DIR; };
		6EC36AA224CE6262007C27B8 /* AppDelegate.swift */ = {isa = PBXFileReference; lastKnownFileType = sourcecode.swift; path = AppDelegate.swift; sourceTree = "<group>"; };
		6EC36AA424CE6262007C27B8 /* SceneDelegate.swift */ = {isa = PBXFileReference; lastKnownFileType = sourcecode.swift; path = SceneDelegate.swift; sourceTree = "<group>"; };
		6EC36AA624CE6262007C27B8 /* ConversationsViewController.swift */ = {isa = PBXFileReference; lastKnownFileType = sourcecode.swift; path = ConversationsViewController.swift; sourceTree = "<group>"; };
		6EC36AA924CE6262007C27B8 /* Base */ = {isa = PBXFileReference; lastKnownFileType = file.storyboard; name = Base; path = Base.lproj/Main.storyboard; sourceTree = "<group>"; };
		6EC36AAB24CE6263007C27B8 /* Assets.xcassets */ = {isa = PBXFileReference; lastKnownFileType = folder.assetcatalog; path = Assets.xcassets; sourceTree = "<group>"; };
		6EC36AAE24CE6263007C27B8 /* Base */ = {isa = PBXFileReference; lastKnownFileType = file.storyboard; name = Base; path = Base.lproj/LaunchScreen.storyboard; sourceTree = "<group>"; };
		6EC36AB024CE6263007C27B8 /* Info.plist */ = {isa = PBXFileReference; lastKnownFileType = text.plist.xml; path = Info.plist; sourceTree = "<group>"; };
		6EC36ABC24CE68BA007C27B8 /* LoginViewController.swift */ = {isa = PBXFileReference; lastKnownFileType = sourcecode.swift; path = LoginViewController.swift; sourceTree = "<group>"; };
		6EC36ABE24CE68CA007C27B8 /* RegisterViewController.swift */ = {isa = PBXFileReference; lastKnownFileType = sourcecode.swift; path = RegisterViewController.swift; sourceTree = "<group>"; };
		6EC36AC024CE68F1007C27B8 /* PhotoViewerViewController.swift */ = {isa = PBXFileReference; lastKnownFileType = sourcecode.swift; path = PhotoViewerViewController.swift; sourceTree = "<group>"; };
		6EC36AC224CE6911007C27B8 /* VideoPlayerViewController.swift */ = {isa = PBXFileReference; lastKnownFileType = sourcecode.swift; path = VideoPlayerViewController.swift; sourceTree = "<group>"; };
		6EC36AC424CE693B007C27B8 /* NewConversationViewController.swift */ = {isa = PBXFileReference; lastKnownFileType = sourcecode.swift; path = NewConversationViewController.swift; sourceTree = "<group>"; };
		6EC36AC624CE6951007C27B8 /* ProfileViewController.swift */ = {isa = PBXFileReference; lastKnownFileType = sourcecode.swift; path = ProfileViewController.swift; sourceTree = "<group>"; };
		6EC36AC924CE789B007C27B8 /* Extensions.swift */ = {isa = PBXFileReference; lastKnownFileType = sourcecode.swift; path = Extensions.swift; sourceTree = "<group>"; };
		6EC36ACF24CEB87D007C27B8 /* GoogleService-Info.plist */ = {isa = PBXFileReference; fileEncoding = 4; lastKnownFileType = text.plist.xml; path = "GoogleService-Info.plist"; sourceTree = "<group>"; };
		6EC8C5A324D7F69500006A3E /* ConversationTableViewCell.swift */ = {isa = PBXFileReference; lastKnownFileType = sourcecode.swift; path = ConversationTableViewCell.swift; sourceTree = "<group>"; };
		6ECF46EB24D1178300AAF4C8 /* ChatViewController.swift */ = {isa = PBXFileReference; lastKnownFileType = sourcecode.swift; path = ChatViewController.swift; sourceTree = "<group>"; };
		6ECF46ED24D12FC400AAF4C8 /* StorageManager.swift */ = {isa = PBXFileReference; lastKnownFileType = sourcecode.swift; path = StorageManager.swift; sourceTree = "<group>"; };
		8AEFDDAB209777A3358BBDF6 /* Pods-Messenger.debug.xcconfig */ = {isa = PBXFileReference; includeInIndex = 1; lastKnownFileType = text.xcconfig; name = "Pods-Messenger.debug.xcconfig"; path = "Target Support Files/Pods-Messenger/Pods-Messenger.debug.xcconfig"; sourceTree = "<group>"; };
/* End PBXFileReference section */

/* Begin PBXFrameworksBuildPhase section */
		6EC36A9C24CE6262007C27B8 /* Frameworks */ = {
			isa = PBXFrameworksBuildPhase;
			buildActionMask = 2147483647;
			files = (
				A5FDCB9898054BBF4885F69A /* Pods_Messenger.framework in Frameworks */,
			);
			runOnlyForDeploymentPostprocessing = 0;
		};
/* End PBXFrameworksBuildPhase section */

/* Begin PBXGroup section */
		37D7AB4B00FB5EBD73EA783B /* Frameworks */ = {
			isa = PBXGroup;
			children = (
				3A34C2A75975E6AC6D4DA856 /* Pods_Messenger.framework */,
			);
			name = Frameworks;
			sourceTree = "<group>";
		};
		6EC36A9624CE6262007C27B8 = {
			isa = PBXGroup;
			children = (
				6EC36AA124CE6262007C27B8 /* Messenger */,
				6EC36AA024CE6262007C27B8 /* Products */,
				78CFDFF508CB3AEA46CD9850 /* Pods */,
				37D7AB4B00FB5EBD73EA783B /* Frameworks */,
			);
			sourceTree = "<group>";
		};
		6EC36AA024CE6262007C27B8 /* Products */ = {
			isa = PBXGroup;
			children = (
				6EC36A9F24CE6262007C27B8 /* Messenger.app */,
			);
			name = Products;
			sourceTree = "<group>";
		};
		6EC36AA124CE6262007C27B8 /* Messenger */ = {
			isa = PBXGroup;
			children = (
				6EC36ACF24CEB87D007C27B8 /* GoogleService-Info.plist */,
				6EC36ABA24CE673C007C27B8 /* Resources */,
				6EC36AB924CE672B007C27B8 /* ViewModels */,
				6EC36AB824CE6719007C27B8 /* Models */,
				6EC36AB724CE66F4007C27B8 /* Views */,
				6EC36AB624CE66DE007C27B8 /* Controllers */,
				6EC36AB024CE6263007C27B8 /* Info.plist */,
			);
			path = Messenger;
			sourceTree = "<group>";
		};
		6EC36AB624CE66DE007C27B8 /* Controllers */ = {
			isa = PBXGroup;
			children = (
				6EC36AA624CE6262007C27B8 /* ConversationsViewController.swift */,
				6EC36AC824CE73E4007C27B8 /* Login */,
				6EC36AC024CE68F1007C27B8 /* PhotoViewerViewController.swift */,
				6EC36AC224CE6911007C27B8 /* VideoPlayerViewController.swift */,
				6EC36AC424CE693B007C27B8 /* NewConversationViewController.swift */,
				6EC36AC624CE6951007C27B8 /* ProfileViewController.swift */,
				6ECF46EB24D1178300AAF4C8 /* ChatViewController.swift */,
			);
			path = Controllers;
			sourceTree = "<group>";
		};
		6EC36AB724CE66F4007C27B8 /* Views */ = {
			isa = PBXGroup;
			children = (
				6EC36ABB24CE676E007C27B8 /* Storyboards */,
				6EC36AAB24CE6263007C27B8 /* Assets.xcassets */,
				6EC8C5A324D7F69500006A3E /* ConversationTableViewCell.swift */,
				6EAE8AB124F3657A009DB021 /* NewConversationCell.swift */,
			);
			path = Views;
			sourceTree = "<group>";
		};
		6EC36AB824CE6719007C27B8 /* Models */ = {
			isa = PBXGroup;
			children = (
			);
			path = Models;
			sourceTree = "<group>";
		};
		6EC36AB924CE672B007C27B8 /* ViewModels */ = {
			isa = PBXGroup;
			children = (
			);
			path = ViewModels;
			sourceTree = "<group>";
		};
		6EC36ABA24CE673C007C27B8 /* Resources */ = {
			isa = PBXGroup;
			children = (
				6EC36AA224CE6262007C27B8 /* AppDelegate.swift */,
				6EC36AA424CE6262007C27B8 /* SceneDelegate.swift */,
				6EC36AC924CE789B007C27B8 /* Extensions.swift */,
				6E982CEC24CFB1BD0093605C /* DatabaseManager.swift */,
				6ECF46ED24D12FC400AAF4C8 /* StorageManager.swift */,
			);
			path = Resources;
			sourceTree = "<group>";
		};
		6EC36ABB24CE676E007C27B8 /* Storyboards */ = {
			isa = PBXGroup;
			children = (
				6EC36AA824CE6262007C27B8 /* Main.storyboard */,
				6EC36AAD24CE6263007C27B8 /* LaunchScreen.storyboard */,
			);
			path = Storyboards;
			sourceTree = "<group>";
		};
		6EC36AC824CE73E4007C27B8 /* Login */ = {
			isa = PBXGroup;
			children = (
				6EC36ABC24CE68BA007C27B8 /* LoginViewController.swift */,
				6EC36ABE24CE68CA007C27B8 /* RegisterViewController.swift */,
			);
			path = Login;
			sourceTree = "<group>";
		};
		78CFDFF508CB3AEA46CD9850 /* Pods */ = {
			isa = PBXGroup;
			children = (
				8AEFDDAB209777A3358BBDF6 /* Pods-Messenger.debug.xcconfig */,
				59025627B1291D7CAC7F9306 /* Pods-Messenger.release.xcconfig */,
			);
			path = Pods;
			sourceTree = "<group>";
		};
/* End PBXGroup section */

/* Begin PBXNativeTarget section */
		6EC36A9E24CE6262007C27B8 /* Messenger */ = {
			isa = PBXNativeTarget;
			buildConfigurationList = 6EC36AB324CE6263007C27B8 /* Build configuration list for PBXNativeTarget "Messenger" */;
			buildPhases = (
				864E0D83B0A6B850DFBFB498 /* [CP] Check Pods Manifest.lock */,
				6EC36A9B24CE6262007C27B8 /* Sources */,
				6EC36A9C24CE6262007C27B8 /* Frameworks */,
				6EC36A9D24CE6262007C27B8 /* Resources */,
				2BE6AF5F9928404A4E8178D7 /* [CP] Embed Pods Frameworks */,
				935C422D4B949A1160BAFAF0 /* [CP] Copy Pods Resources */,
			);
			buildRules = (
			);
			dependencies = (
			);
			name = Messenger;
			productName = Messenger;
			productReference = 6EC36A9F24CE6262007C27B8 /* Messenger.app */;
			productType = "com.apple.product-type.application";
		};
/* End PBXNativeTarget section */

/* Begin PBXProject section */
		6EC36A9724CE6262007C27B8 /* Project object */ = {
			isa = PBXProject;
			attributes = {
				LastSwiftUpdateCheck = 1160;
				LastUpgradeCheck = 1160;
				ORGANIZATIONNAME = "Stanislav Kogiku";
				TargetAttributes = {
					6EC36A9E24CE6262007C27B8 = {
						CreatedOnToolsVersion = 11.6;
					};
				};
			};
			buildConfigurationList = 6EC36A9A24CE6262007C27B8 /* Build configuration list for PBXProject "Messenger" */;
			compatibilityVersion = "Xcode 9.3";
			developmentRegion = en;
			hasScannedForEncodings = 0;
			knownRegions = (
				en,
				Base,
			);
			mainGroup = 6EC36A9624CE6262007C27B8;
			productRefGroup = 6EC36AA024CE6262007C27B8 /* Products */;
			projectDirPath = "";
			projectRoot = "";
			targets = (
				6EC36A9E24CE6262007C27B8 /* Messenger */,
			);
		};
/* End PBXProject section */

/* Begin PBXResourcesBuildPhase section */
		6EC36A9D24CE6262007C27B8 /* Resources */ = {
			isa = PBXResourcesBuildPhase;
			buildActionMask = 2147483647;
			files = (
				6EC36AAF24CE6263007C27B8 /* LaunchScreen.storyboard in Resources */,
				6EC36AD024CEB87D007C27B8 /* GoogleService-Info.plist in Resources */,
				6EC36AAC24CE6263007C27B8 /* Assets.xcassets in Resources */,
				6EC36AAA24CE6262007C27B8 /* Main.storyboard in Resources */,
			);
			runOnlyForDeploymentPostprocessing = 0;
		};
/* End PBXResourcesBuildPhase section */

/* Begin PBXShellScriptBuildPhase section */
		2BE6AF5F9928404A4E8178D7 /* [CP] Embed Pods Frameworks */ = {
			isa = PBXShellScriptBuildPhase;
			buildActionMask = 2147483647;
			files = (
			);
			inputFileListPaths = (
				"${PODS_ROOT}/Target Support Files/Pods-Messenger/Pods-Messenger-frameworks-${CONFIGURATION}-input-files.xcfilelist",
			);
			name = "[CP] Embed Pods Frameworks";
			outputFileListPaths = (
				"${PODS_ROOT}/Target Support Files/Pods-Messenger/Pods-Messenger-frameworks-${CONFIGURATION}-output-files.xcfilelist",
			);
			runOnlyForDeploymentPostprocessing = 0;
			shellPath = /bin/sh;
			shellScript = "\"${PODS_ROOT}/Target Support Files/Pods-Messenger/Pods-Messenger-frameworks.sh\"\n";
			showEnvVarsInLog = 0;
		};
		864E0D83B0A6B850DFBFB498 /* [CP] Check Pods Manifest.lock */ = {
			isa = PBXShellScriptBuildPhase;
			buildActionMask = 2147483647;
			files = (
			);
			inputFileListPaths = (
			);
			inputPaths = (
				"${PODS_PODFILE_DIR_PATH}/Podfile.lock",
				"${PODS_ROOT}/Manifest.lock",
			);
			name = "[CP] Check Pods Manifest.lock";
			outputFileListPaths = (
			);
			outputPaths = (
				"$(DERIVED_FILE_DIR)/Pods-Messenger-checkManifestLockResult.txt",
			);
			runOnlyForDeploymentPostprocessing = 0;
			shellPath = /bin/sh;
			shellScript = "diff \"${PODS_PODFILE_DIR_PATH}/Podfile.lock\" \"${PODS_ROOT}/Manifest.lock\" > /dev/null\nif [ $? != 0 ] ; then\n    # print error to STDERR\n    echo \"error: The sandbox is not in sync with the Podfile.lock. Run 'pod install' or update your CocoaPods installation.\" >&2\n    exit 1\nfi\n# This output is used by Xcode 'outputs' to avoid re-running this script phase.\necho \"SUCCESS\" > \"${SCRIPT_OUTPUT_FILE_0}\"\n";
			showEnvVarsInLog = 0;
		};
		935C422D4B949A1160BAFAF0 /* [CP] Copy Pods Resources */ = {
			isa = PBXShellScriptBuildPhase;
			buildActionMask = 2147483647;
			files = (
			);
			inputFileListPaths = (
				"${PODS_ROOT}/Target Support Files/Pods-Messenger/Pods-Messenger-resources-${CONFIGURATION}-input-files.xcfilelist",
			);
			name = "[CP] Copy Pods Resources";
			outputFileListPaths = (
				"${PODS_ROOT}/Target Support Files/Pods-Messenger/Pods-Messenger-resources-${CONFIGURATION}-output-files.xcfilelist",
			);
			runOnlyForDeploymentPostprocessing = 0;
			shellPath = /bin/sh;
			shellScript = "\"${PODS_ROOT}/Target Support Files/Pods-Messenger/Pods-Messenger-resources.sh\"\n";
			showEnvVarsInLog = 0;
		};
/* End PBXShellScriptBuildPhase section */

/* Begin PBXSourcesBuildPhase section */
		6EC36A9B24CE6262007C27B8 /* Sources */ = {
			isa = PBXSourcesBuildPhase;
			buildActionMask = 2147483647;
			files = (
				6EC36ABD24CE68BA007C27B8 /* LoginViewController.swift in Sources */,
				6EAE8AB224F3657A009DB021 /* NewConversationCell.swift in Sources */,
				6E982CED24CFB1BD0093605C /* DatabaseManager.swift in Sources */,
				6EC36ABF24CE68CA007C27B8 /* RegisterViewController.swift in Sources */,
				6EC36AC524CE693B007C27B8 /* NewConversationViewController.swift in Sources */,
				6EC36AA724CE6262007C27B8 /* ConversationsViewController.swift in Sources */,
				6EC36AC324CE6911007C27B8 /* VideoPlayerViewController.swift in Sources */,
				6EC36ACA24CE789B007C27B8 /* Extensions.swift in Sources */,
				6EC36AA324CE6262007C27B8 /* AppDelegate.swift in Sources */,
				6EC36AC724CE6951007C27B8 /* ProfileViewController.swift in Sources */,
				6EC36AA524CE6262007C27B8 /* SceneDelegate.swift in Sources */,
				6EC8C5A424D7F69500006A3E /* ConversationTableViewCell.swift in Sources */,
				6ECF46EC24D1178300AAF4C8 /* ChatViewController.swift in Sources */,
				6EC36AC124CE68F1007C27B8 /* PhotoViewerViewController.swift in Sources */,
				6ECF46EE24D12FC400AAF4C8 /* StorageManager.swift in Sources */,
			);
			runOnlyForDeploymentPostprocessing = 0;
		};
/* End PBXSourcesBuildPhase section */

/* Begin PBXVariantGroup section */
		6EC36AA824CE6262007C27B8 /* Main.storyboard */ = {
			isa = PBXVariantGroup;
			children = (
				6EC36AA924CE6262007C27B8 /* Base */,
			);
			name = Main.storyboard;
			sourceTree = "<group>";
		};
		6EC36AAD24CE6263007C27B8 /* LaunchScreen.storyboard */ = {
			isa = PBXVariantGroup;
			children = (
				6EC36AAE24CE6263007C27B8 /* Base */,
			);
			name = LaunchScreen.storyboard;
			sourceTree = "<group>";
		};
/* End PBXVariantGroup section */

/* Begin XCBuildConfiguration section */
		6EC36AB124CE6263007C27B8 /* Debug */ = {
			isa = XCBuildConfiguration;
			buildSettings = {
				ALWAYS_SEARCH_USER_PATHS = NO;
				CLANG_ANALYZER_NONNULL = YES;
				CLANG_ANALYZER_NUMBER_OBJECT_CONVERSION = YES_AGGRESSIVE;
				CLANG_CXX_LANGUAGE_STANDARD = "gnu++14";
				CLANG_CXX_LIBRARY = "libc++";
				CLANG_ENABLE_MODULES = YES;
				CLANG_ENABLE_OBJC_ARC = YES;
				CLANG_ENABLE_OBJC_WEAK = YES;
				CLANG_WARN_BLOCK_CAPTURE_AUTORELEASING = YES;
				CLANG_WARN_BOOL_CONVERSION = YES;
				CLANG_WARN_COMMA = YES;
				CLANG_WARN_CONSTANT_CONVERSION = YES;
				CLANG_WARN_DEPRECATED_OBJC_IMPLEMENTATIONS = YES;
				CLANG_WARN_DIRECT_OBJC_ISA_USAGE = YES_ERROR;
				CLANG_WARN_DOCUMENTATION_COMMENTS = YES;
				CLANG_WARN_EMPTY_BODY = YES;
				CLANG_WARN_ENUM_CONVERSION = YES;
				CLANG_WARN_INFINITE_RECURSION = YES;
				CLANG_WARN_INT_CONVERSION = YES;
				CLANG_WARN_NON_LITERAL_NULL_CONVERSION = YES;
				CLANG_WARN_OBJC_IMPLICIT_RETAIN_SELF = YES;
				CLANG_WARN_OBJC_LITERAL_CONVERSION = YES;
				CLANG_WARN_OBJC_ROOT_CLASS = YES_ERROR;
				CLANG_WARN_RANGE_LOOP_ANALYSIS = YES;
				CLANG_WARN_STRICT_PROTOTYPES = YES;
				CLANG_WARN_SUSPICIOUS_MOVE = YES;
				CLANG_WARN_UNGUARDED_AVAILABILITY = YES_AGGRESSIVE;
				CLANG_WARN_UNREACHABLE_CODE = YES;
				CLANG_WARN__DUPLICATE_METHOD_MATCH = YES;
				COPY_PHASE_STRIP = NO;
				DEBUG_INFORMATION_FORMAT = dwarf;
				ENABLE_STRICT_OBJC_MSGSEND = YES;
				ENABLE_TESTABILITY = YES;
				GCC_C_LANGUAGE_STANDARD = gnu11;
				GCC_DYNAMIC_NO_PIC = NO;
				GCC_NO_COMMON_BLOCKS = YES;
				GCC_OPTIMIZATION_LEVEL = 0;
				GCC_PREPROCESSOR_DEFINITIONS = (
					"DEBUG=1",
					"$(inherited)",
				);
				GCC_WARN_64_TO_32_BIT_CONVERSION = YES;
				GCC_WARN_ABOUT_RETURN_TYPE = YES_ERROR;
				GCC_WARN_UNDECLARED_SELECTOR = YES;
				GCC_WARN_UNINITIALIZED_AUTOS = YES_AGGRESSIVE;
				GCC_WARN_UNUSED_FUNCTION = YES;
				GCC_WARN_UNUSED_VARIABLE = YES;
				IPHONEOS_DEPLOYMENT_TARGET = 13.6;
				MTL_ENABLE_DEBUG_INFO = INCLUDE_SOURCE;
				MTL_FAST_MATH = YES;
				ONLY_ACTIVE_ARCH = YES;
				SDKROOT = iphoneos;
				SWIFT_ACTIVE_COMPILATION_CONDITIONS = DEBUG;
				SWIFT_OPTIMIZATION_LEVEL = "-Onone";
			};
			name = Debug;
		};
		6EC36AB224CE6263007C27B8 /* Release */ = {
			isa = XCBuildConfiguration;
			buildSettings = {
				ALWAYS_SEARCH_USER_PATHS = NO;
				CLANG_ANALYZER_NONNULL = YES;
				CLANG_ANALYZER_NUMBER_OBJECT_CONVERSION = YES_AGGRESSIVE;
				CLANG_CXX_LANGUAGE_STANDARD = "gnu++14";
				CLANG_CXX_LIBRARY = "libc++";
				CLANG_ENABLE_MODULES = YES;
				CLANG_ENABLE_OBJC_ARC = YES;
				CLANG_ENABLE_OBJC_WEAK = YES;
				CLANG_WARN_BLOCK_CAPTURE_AUTORELEASING = YES;
				CLANG_WARN_BOOL_CONVERSION = YES;
				CLANG_WARN_COMMA = YES;
				CLANG_WARN_CONSTANT_CONVERSION = YES;
				CLANG_WARN_DEPRECATED_OBJC_IMPLEMENTATIONS = YES;
				CLANG_WARN_DIRECT_OBJC_ISA_USAGE = YES_ERROR;
				CLANG_WARN_DOCUMENTATION_COMMENTS = YES;
				CLANG_WARN_EMPTY_BODY = YES;
				CLANG_WARN_ENUM_CONVERSION = YES;
				CLANG_WARN_INFINITE_RECURSION = YES;
				CLANG_WARN_INT_CONVERSION = YES;
				CLANG_WARN_NON_LITERAL_NULL_CONVERSION = YES;
				CLANG_WARN_OBJC_IMPLICIT_RETAIN_SELF = YES;
				CLANG_WARN_OBJC_LITERAL_CONVERSION = YES;
				CLANG_WARN_OBJC_ROOT_CLASS = YES_ERROR;
				CLANG_WARN_RANGE_LOOP_ANALYSIS = YES;
				CLANG_WARN_STRICT_PROTOTYPES = YES;
				CLANG_WARN_SUSPICIOUS_MOVE = YES;
				CLANG_WARN_UNGUARDED_AVAILABILITY = YES_AGGRESSIVE;
				CLANG_WARN_UNREACHABLE_CODE = YES;
				CLANG_WARN__DUPLICATE_METHOD_MATCH = YES;
				COPY_PHASE_STRIP = NO;
				DEBUG_INFORMATION_FORMAT = "dwarf-with-dsym";
				ENABLE_NS_ASSERTIONS = NO;
				ENABLE_STRICT_OBJC_MSGSEND = YES;
				GCC_C_LANGUAGE_STANDARD = gnu11;
				GCC_NO_COMMON_BLOCKS = YES;
				GCC_WARN_64_TO_32_BIT_CONVERSION = YES;
				GCC_WARN_ABOUT_RETURN_TYPE = YES_ERROR;
				GCC_WARN_UNDECLARED_SELECTOR = YES;
				GCC_WARN_UNINITIALIZED_AUTOS = YES_AGGRESSIVE;
				GCC_WARN_UNUSED_FUNCTION = YES;
				GCC_WARN_UNUSED_VARIABLE = YES;
				IPHONEOS_DEPLOYMENT_TARGET = 13.6;
				MTL_ENABLE_DEBUG_INFO = NO;
				MTL_FAST_MATH = YES;
				SDKROOT = iphoneos;
				SWIFT_COMPILATION_MODE = wholemodule;
				SWIFT_OPTIMIZATION_LEVEL = "-O";
				VALIDATE_PRODUCT = YES;
			};
			name = Release;
		};
		6EC36AB424CE6263007C27B8 /* Debug */ = {
			isa = XCBuildConfiguration;
			baseConfigurationReference = 8AEFDDAB209777A3358BBDF6 /* Pods-Messenger.debug.xcconfig */;
			buildSettings = {
				ASSETCATALOG_COMPILER_APPICON_NAME = AppIcon;
				CODE_SIGN_STYLE = Automatic;
				DEVELOPMENT_TEAM = GKQ32HJS9X;
				INFOPLIST_FILE = Messenger/Info.plist;
				IPHONEOS_DEPLOYMENT_TARGET = 13.5;
				LD_RUNPATH_SEARCH_PATHS = (
					"$(inherited)",
					"@executable_path/Frameworks",
				);
				PRODUCT_BUNDLE_IDENTIFIER = com.Codetechniq.Messenger;
				PRODUCT_NAME = "$(TARGET_NAME)";
				SWIFT_VERSION = 5.0;
				TARGETED_DEVICE_FAMILY = "1,2";
			};
			name = Debug;
		};
		6EC36AB524CE6263007C27B8 /* Release */ = {
			isa = XCBuildConfiguration;
			baseConfigurationReference = 59025627B1291D7CAC7F9306 /* Pods-Messenger.release.xcconfig */;
			buildSettings = {
				ASSETCATALOG_COMPILER_APPICON_NAME = AppIcon;
				CODE_SIGN_STYLE = Automatic;
				DEVELOPMENT_TEAM = GKQ32HJS9X;
				INFOPLIST_FILE = Messenger/Info.plist;
				IPHONEOS_DEPLOYMENT_TARGET = 13.5;
				LD_RUNPATH_SEARCH_PATHS = (
					"$(inherited)",
					"@executable_path/Frameworks",
				);
				PRODUCT_BUNDLE_IDENTIFIER = com.Codetechniq.Messenger;
				PRODUCT_NAME = "$(TARGET_NAME)";
				SWIFT_VERSION = 5.0;
				TARGETED_DEVICE_FAMILY = "1,2";
			};
			name = Release;
		};
/* End XCBuildConfiguration section */

/* Begin XCConfigurationList section */
		6EC36A9A24CE6262007C27B8 /* Build configuration list for PBXProject "Messenger" */ = {
			isa = XCConfigurationList;
			buildConfigurations = (
				6EC36AB124CE6263007C27B8 /* Debug */,
				6EC36AB224CE6263007C27B8 /* Release */,
			);
			defaultConfigurationIsVisible = 0;
			defaultConfigurationName = Release;
		};
		6EC36AB324CE6263007C27B8 /* Build configuration list for PBXNativeTarget "Messenger" */ = {
			isa = XCConfigurationList;
			buildConfigurations = (
				6EC36AB424CE6263007C27B8 /* Debug */,
				6EC36AB524CE6263007C27B8 /* Release */,
			);
			defaultConfigurationIsVisible = 0;
			defaultConfigurationName = Release;
		};
/* End XCConfigurationList section */
	};
	rootObject = 6EC36A9724CE6262007C27B8 /* Project object */;
}
